
Microsoft Visual Studio Solution File, Format Version 12.00
# Visual Studio Version 17
VisualStudioVersion = 17.3.32804.467
MinimumVisualStudioVersion = 10.0.40219.1
Project("{FAE04EC0-301F-11D3-BF4B-00C04F79EFBC}") = "OrtalamaHesaplama", "OrtalamaHesaplama.csproj", "{19C059CC-BD28-47D7-A0F8-E0ED1D148FAA}"
EndProject
Global
	GlobalSection(SolutionConfigurationPlatforms) = preSolution
		Debug|Any CPU = Debug|Any CPU
		Release|Any CPU = Release|Any CPU
	EndGlobalSection
	GlobalSection(ProjectConfigurationPlatforms) = postSolution
		{19C059CC-BD28-47D7-A0F8-E0ED1D148FAA}.Debug|Any CPU.ActiveCfg = Debug|Any CPU
		{19C059CC-BD28-47D7-A0F8-E0ED1D148FAA}.Debug|Any CPU.Build.0 = Debug|Any CPU
		{19C059CC-BD28-47D7-A0F8-E0ED1D148FAA}.Release|Any CPU.ActiveCfg = Release|Any CPU
		{19C059CC-BD28-47D7-A0F8-E0ED1D148FAA}.Release|Any CPU.Build.0 = Release|Any CPU
	EndGlobalSection
	GlobalSection(SolutionProperties) = preSolution
		HideSolutionNode = FALSE
	EndGlobalSection
	GlobalSection(ExtensibilityGlobals) = postSolution
		SolutionGuid = {6DC0D635-C0D1-4F3B-985E-E7C26C99AF61}
	EndGlobalSection
EndGlobal
